
Microsoft Visual Studio Solution File, Format Version 12.00
# Visual Studio Version 17
VisualStudioVersion = 17.3.32804.467
MinimumVisualStudioVersion = 10.0.40219.1
Project("{FAE04EC0-301F-11D3-BF4B-00C04F79EFBC}") = "Y2022", "Y2022\Y2022.csproj", "{6B65D255-AF6A-4E15-B623-1A0A84087A23}"
EndProject
Global
	GlobalSection(SolutionConfigurationPlatforms) = preSolution
		Debug|Any CPU = Debug|Any CPU
		Release|Any CPU = Release|Any CPU
	EndGlobalSection
	GlobalSection(ProjectConfigurationPlatforms) = postSolution
		{6B65D255-AF6A-4E15-B623-1A0A84087A23}.Debug|Any CPU.ActiveCfg = Debug|Any CPU
		{6B65D255-AF6A-4E15-B623-1A0A84087A23}.Debug|Any CPU.Build.0 = Debug|Any CPU
		{6B65D255-AF6A-4E15-B623-1A0A84087A23}.Release|Any CPU.ActiveCfg = Release|Any CPU
		{6B65D255-AF6A-4E15-B623-1A0A84087A23}.Release|Any CPU.Build.0 = Release|Any CPU
	EndGlobalSection
	GlobalSection(SolutionProperties) = preSolution
		HideSolutionNode = FALSE
	EndGlobalSection
	GlobalSection(ExtensibilityGlobals) = postSolution
		SolutionGuid = {B5A3D241-7AE7-4F57-BC85-0ACD4A0B141F}
	EndGlobalSection
EndGlobal
